
Microsoft Visual Studio Solution File, Format Version 12.00
# Visual Studio Version 16
VisualStudioVersion = 16.0.29519.87
MinimumVisualStudioVersion = 10.0.40219.1
Project("{8BC9CEB8-8B4A-11D0-8D11-00A0C91BC942}") = "Zanochkin01", "Zanochkin01\Zanochkin01.vcxproj", "{F3543D6E-CFBB-4B6B-A35F-0780560C3BAD}"
EndProject
Project("{8BC9CEB8-8B4A-11D0-8D11-00A0C91BC942}") = "Zanochkin02", "Zanochkin02\Zanochkin02.vcxproj", "{3F2D9D6D-20E7-480E-B029-CDCD49518910}"
EndProject
Project("{8BC9CEB8-8B4A-11D0-8D11-00A0C91BC942}") = "Zanochkin03", "Zanochkin03\Zanochkin03.vcxproj", "{1E1AF80F-E401-4BD9-BE7C-EADE7392A5D6}"
EndProject
Project("{8BC9CEB8-8B4A-11D0-8D11-00A0C91BC942}") = "Zanochkin04", "Zanochkin04\Zanochkin04.vcxproj", "{3F91FCF2-7E7A-4BA8-B666-D0F99D89C27A}"
EndProject
Project("{8BC9CEB8-8B4A-11D0-8D11-00A0C91BC942}") = "Zanochkin05", "Zanochkin05\Zanochkin05.vcxproj", "{1C11EF10-0DA3-4626-97AA-942684E08A3E}"
EndProject
Project("{8BC9CEB8-8B4A-11D0-8D11-00A0C91BC942}") = "Zanochkin06", "Zanochkin06\Zanochkin06.vcxproj", "{1BB461A7-4BC1-44A2-8EB4-D25210340351}"
EndProject
Project("{8BC9CEB8-8B4A-11D0-8D11-00A0C91BC942}") = "Zanochkin07", "Zanochkin07\Zanochkin07.vcxproj", "{0F5A3EB2-9D90-4D7E-939C-B4CA8D37B981}"
EndProject
Project("{8BC9CEB8-8B4A-11D0-8D11-00A0C91BC942}") = "Zanochkin08", "Zanochkin08\Zanochkin08.vcxproj", "{52069BA9-3B39-4B63-B870-D81902EF3C83}"
EndProject
Project("{8BC9CEB8-8B4A-11D0-8D11-00A0C91BC942}") = "Zanochkin09", "Zanochkin09\Zanochkin09.vcxproj", "{0C0A2056-F155-4889-BA90-F63D4AA80673}"
EndProject
Project("{8BC9CEB8-8B4A-11D0-8D11-00A0C91BC942}") = "Zanochkin10", "Zanochkin10\Zanochkin10.vcxproj", "{6DB610E3-B1B3-4BE9-9195-8EA2A29E0407}"
EndProject
Project("{8BC9CEB8-8B4A-11D0-8D11-00A0C91BC942}") = "Zanochkin11", "Zanochkin11\Zanochkin11.vcxproj", "{A8D63930-34E5-45D6-92E1-B01B1D4EB819}"
EndProject
Global
	GlobalSection(SolutionConfigurationPlatforms) = preSolution
		Debug|x64 = Debug|x64
		Debug|x86 = Debug|x86
		Release|x64 = Release|x64
		Release|x86 = Release|x86
		Test|x64 = Test|x64
		Test|x86 = Test|x86
	EndGlobalSection
	GlobalSection(ProjectConfigurationPlatforms) = postSolution
		{F3543D6E-CFBB-4B6B-A35F-0780560C3BAD}.Debug|x64.ActiveCfg = Debug|x64
		{F3543D6E-CFBB-4B6B-A35F-0780560C3BAD}.Debug|x64.Build.0 = Debug|x64
		{F3543D6E-CFBB-4B6B-A35F-0780560C3BAD}.Debug|x86.ActiveCfg = Debug|Win32
		{F3543D6E-CFBB-4B6B-A35F-0780560C3BAD}.Debug|x86.Build.0 = Debug|Win32
		{F3543D6E-CFBB-4B6B-A35F-0780560C3BAD}.Release|x64.ActiveCfg = Release|x64
		{F3543D6E-CFBB-4B6B-A35F-0780560C3BAD}.Release|x64.Build.0 = Release|x64
		{F3543D6E-CFBB-4B6B-A35F-0780560C3BAD}.Release|x86.ActiveCfg = Release|Win32
		{F3543D6E-CFBB-4B6B-A35F-0780560C3BAD}.Release|x86.Build.0 = Release|Win32
		{F3543D6E-CFBB-4B6B-A35F-0780560C3BAD}.Test|x64.ActiveCfg = Test|x64
		{F3543D6E-CFBB-4B6B-A35F-0780560C3BAD}.Test|x64.Build.0 = Test|x64
		{F3543D6E-CFBB-4B6B-A35F-0780560C3BAD}.Test|x86.ActiveCfg = Test|Win32
		{F3543D6E-CFBB-4B6B-A35F-0780560C3BAD}.Test|x86.Build.0 = Test|Win32
		{3F2D9D6D-20E7-480E-B029-CDCD49518910}.Debug|x64.ActiveCfg = Debug|x64
		{3F2D9D6D-20E7-480E-B029-CDCD49518910}.Debug|x64.Build.0 = Debug|x64
		{3F2D9D6D-20E7-480E-B029-CDCD49518910}.Debug|x86.ActiveCfg = Debug|Win32
		{3F2D9D6D-20E7-480E-B029-CDCD49518910}.Debug|x86.Build.0 = Debug|Win32
		{3F2D9D6D-20E7-480E-B029-CDCD49518910}.Release|x64.ActiveCfg = Release|x64
		{3F2D9D6D-20E7-480E-B029-CDCD49518910}.Release|x64.Build.0 = Release|x64
		{3F2D9D6D-20E7-480E-B029-CDCD49518910}.Release|x86.ActiveCfg = Release|Win32
		{3F2D9D6D-20E7-480E-B029-CDCD49518910}.Release|x86.Build.0 = Release|Win32
		{3F2D9D6D-20E7-480E-B029-CDCD49518910}.Test|x64.ActiveCfg = Test|x64
		{3F2D9D6D-20E7-480E-B029-CDCD49518910}.Test|x64.Build.0 = Test|x64
		{3F2D9D6D-20E7-480E-B029-CDCD49518910}.Test|x86.ActiveCfg = Test|Win32
		{3F2D9D6D-20E7-480E-B029-CDCD49518910}.Test|x86.Build.0 = Test|Win32
		{1E1AF80F-E401-4BD9-BE7C-EADE7392A5D6}.Debug|x64.ActiveCfg = Debug|x64
		{1E1AF80F-E401-4BD9-BE7C-EADE7392A5D6}.Debug|x64.Build.0 = Debug|x64
		{1E1AF80F-E401-4BD9-BE7C-EADE7392A5D6}.Debug|x86.ActiveCfg = Debug|Win32
		{1E1AF80F-E401-4BD9-BE7C-EADE7392A5D6}.Debug|x86.Build.0 = Debug|Win32
		{1E1AF80F-E401-4BD9-BE7C-EADE7392A5D6}.Release|x64.ActiveCfg = Release|x64
		{1E1AF80F-E401-4BD9-BE7C-EADE7392A5D6}.Release|x64.Build.0 = Release|x64
		{1E1AF80F-E401-4BD9-BE7C-EADE7392A5D6}.Release|x86.ActiveCfg = Release|Win32
		{1E1AF80F-E401-4BD9-BE7C-EADE7392A5D6}.Release|x86.Build.0 = Release|Win32
		{1E1AF80F-E401-4BD9-BE7C-EADE7392A5D6}.Test|x64.ActiveCfg = Release|x64
		{1E1AF80F-E401-4BD9-BE7C-EADE7392A5D6}.Test|x64.Build.0 = Release|x64
		{1E1AF80F-E401-4BD9-BE7C-EADE7392A5D6}.Test|x86.ActiveCfg = Release|Win32
		{1E1AF80F-E401-4BD9-BE7C-EADE7392A5D6}.Test|x86.Build.0 = Release|Win32
		{3F91FCF2-7E7A-4BA8-B666-D0F99D89C27A}.Debug|x64.ActiveCfg = Debug|x64
		{3F91FCF2-7E7A-4BA8-B666-D0F99D89C27A}.Debug|x64.Build.0 = Debug|x64
		{3F91FCF2-7E7A-4BA8-B666-D0F99D89C27A}.Debug|x86.ActiveCfg = Debug|Win32
		{3F91FCF2-7E7A-4BA8-B666-D0F99D89C27A}.Debug|x86.Build.0 = Debug|Win32
		{3F91FCF2-7E7A-4BA8-B666-D0F99D89C27A}.Release|x64.ActiveCfg = Release|x64
		{3F91FCF2-7E7A-4BA8-B666-D0F99D89C27A}.Release|x64.Build.0 = Release|x64
		{3F91FCF2-7E7A-4BA8-B666-D0F99D89C27A}.Release|x86.ActiveCfg = Release|Win32
		{3F91FCF2-7E7A-4BA8-B666-D0F99D89C27A}.Release|x86.Build.0 = Release|Win32
		{3F91FCF2-7E7A-4BA8-B666-D0F99D89C27A}.Test|x64.ActiveCfg = Release|x64
		{3F91FCF2-7E7A-4BA8-B666-D0F99D89C27A}.Test|x64.Build.0 = Release|x64
		{3F91FCF2-7E7A-4BA8-B666-D0F99D89C27A}.Test|x86.ActiveCfg = Release|Win32
		{3F91FCF2-7E7A-4BA8-B666-D0F99D89C27A}.Test|x86.Build.0 = Release|Win32
		{1C11EF10-0DA3-4626-97AA-942684E08A3E}.Debug|x64.ActiveCfg = Debug|x64
		{1C11EF10-0DA3-4626-97AA-942684E08A3E}.Debug|x64.Build.0 = Debug|x64
		{1C11EF10-0DA3-4626-97AA-942684E08A3E}.Debug|x86.ActiveCfg = Debug|Win32
		{1C11EF10-0DA3-4626-97AA-942684E08A3E}.Debug|x86.Build.0 = Debug|Win32
		{1C11EF10-0DA3-4626-97AA-942684E08A3E}.Release|x64.ActiveCfg = Release|x64
		{1C11EF10-0DA3-4626-97AA-942684E08A3E}.Release|x64.Build.0 = Release|x64
		{1C11EF10-0DA3-4626-97AA-942684E08A3E}.Release|x86.ActiveCfg = Release|Win32
		{1C11EF10-0DA3-4626-97AA-942684E08A3E}.Release|x86.Build.0 = Release|Win32
		{1C11EF10-0DA3-4626-97AA-942684E08A3E}.Test|x64.ActiveCfg = Release|x64
		{1C11EF10-0DA3-4626-97AA-942684E08A3E}.Test|x64.Build.0 = Release|x64
		{1C11EF10-0DA3-4626-97AA-942684E08A3E}.Test|x86.ActiveCfg = Release|Win32
		{1C11EF10-0DA3-4626-97AA-942684E08A3E}.Test|x86.Build.0 = Release|Win32
		{1BB461A7-4BC1-44A2-8EB4-D25210340351}.Debug|x64.ActiveCfg = Debug|x64
		{1BB461A7-4BC1-44A2-8EB4-D25210340351}.Debug|x64.Build.0 = Debug|x64
		{1BB461A7-4BC1-44A2-8EB4-D25210340351}.Debug|x86.ActiveCfg = Debug|Win32
		{1BB461A7-4BC1-44A2-8EB4-D25210340351}.Debug|x86.Build.0 = Debug|Win32
		{1BB461A7-4BC1-44A2-8EB4-D25210340351}.Release|x64.ActiveCfg = Release|x64
		{1BB461A7-4BC1-44A2-8EB4-D25210340351}.Release|x64.Build.0 = Release|x64
		{1BB461A7-4BC1-44A2-8EB4-D25210340351}.Release|x86.ActiveCfg = Release|Win32
		{1BB461A7-4BC1-44A2-8EB4-D25210340351}.Release|x86.Build.0 = Release|Win32
		{1BB461A7-4BC1-44A2-8EB4-D25210340351}.Test|x64.ActiveCfg = Release|x64
		{1BB461A7-4BC1-44A2-8EB4-D25210340351}.Test|x64.Build.0 = Release|x64
		{1BB461A7-4BC1-44A2-8EB4-D25210340351}.Test|x86.ActiveCfg = Release|Win32
		{1BB461A7-4BC1-44A2-8EB4-D25210340351}.Test|x86.Build.0 = Release|Win32
		{0F5A3EB2-9D90-4D7E-939C-B4CA8D37B981}.Debug|x64.ActiveCfg = Debug|x64
		{0F5A3EB2-9D90-4D7E-939C-B4CA8D37B981}.Debug|x64.Build.0 = Debug|x64
		{0F5A3EB2-9D90-4D7E-939C-B4CA8D37B981}.Debug|x86.ActiveCfg = Debug|Win32
		{0F5A3EB2-9D90-4D7E-939C-B4CA8D37B981}.Debug|x86.Build.0 = Debug|Win32
		{0F5A3EB2-9D90-4D7E-939C-B4CA8D37B981}.Release|x64.ActiveCfg = Release|x64
		{0F5A3EB2-9D90-4D7E-939C-B4CA8D37B981}.Release|x64.Build.0 = Release|x64
		{0F5A3EB2-9D90-4D7E-939C-B4CA8D37B981}.Release|x86.ActiveCfg = Release|Win32
		{0F5A3EB2-9D90-4D7E-939C-B4CA8D37B981}.Release|x86.Build.0 = Release|Win32
		{0F5A3EB2-9D90-4D7E-939C-B4CA8D37B981}.Test|x64.ActiveCfg = Release|x64
		{0F5A3EB2-9D90-4D7E-939C-B4CA8D37B981}.Test|x64.Build.0 = Release|x64
		{0F5A3EB2-9D90-4D7E-939C-B4CA8D37B981}.Test|x86.ActiveCfg = Release|Win32
		{0F5A3EB2-9D90-4D7E-939C-B4CA8D37B981}.Test|x86.Build.0 = Release|Win32
		{52069BA9-3B39-4B63-B870-D81902EF3C83}.Debug|x64.ActiveCfg = Debug|x64
		{52069BA9-3B39-4B63-B870-D81902EF3C83}.Debug|x64.Build.0 = Debug|x64
		{52069BA9-3B39-4B63-B870-D81902EF3C83}.Debug|x86.ActiveCfg = Debug|Win32
		{52069BA9-3B39-4B63-B870-D81902EF3C83}.Debug|x86.Build.0 = Debug|Win32
		{52069BA9-3B39-4B63-B870-D81902EF3C83}.Release|x64.ActiveCfg = Release|x64
		{52069BA9-3B39-4B63-B870-D81902EF3C83}.Release|x64.Build.0 = Release|x64
		{52069BA9-3B39-4B63-B870-D81902EF3C83}.Release|x86.ActiveCfg = Release|Win32
		{52069BA9-3B39-4B63-B870-D81902EF3C83}.Release|x86.Build.0 = Release|Win32
		{52069BA9-3B39-4B63-B870-D81902EF3C83}.Test|x64.ActiveCfg = Release|x64
		{52069BA9-3B39-4B63-B870-D81902EF3C83}.Test|x64.Build.0 = Release|x64
		{52069BA9-3B39-4B63-B870-D81902EF3C83}.Test|x86.ActiveCfg = Release|Win32
		{52069BA9-3B39-4B63-B870-D81902EF3C83}.Test|x86.Build.0 = Release|Win32
		{0C0A2056-F155-4889-BA90-F63D4AA80673}.Debug|x64.ActiveCfg = Debug|x64
		{0C0A2056-F155-4889-BA90-F63D4AA80673}.Debug|x64.Build.0 = Debug|x64
		{0C0A2056-F155-4889-BA90-F63D4AA80673}.Debug|x86.ActiveCfg = Debug|Win32
		{0C0A2056-F155-4889-BA90-F63D4AA80673}.Debug|x86.Build.0 = Debug|Win32
		{0C0A2056-F155-4889-BA90-F63D4AA80673}.Release|x64.ActiveCfg = Release|x64
		{0C0A2056-F155-4889-BA90-F63D4AA80673}.Release|x64.Build.0 = Release|x64
		{0C0A2056-F155-4889-BA90-F63D4AA80673}.Release|x86.ActiveCfg = Release|Win32
		{0C0A2056-F155-4889-BA90-F63D4AA80673}.Release|x86.Build.0 = Release|Win32
		{0C0A2056-F155-4889-BA90-F63D4AA80673}.Test|x64.ActiveCfg = Release|x64
		{0C0A2056-F155-4889-BA90-F63D4AA80673}.Test|x64.Build.0 = Release|x64
		{0C0A2056-F155-4889-BA90-F63D4AA80673}.Test|x86.ActiveCfg = Release|Win32
		{0C0A2056-F155-4889-BA90-F63D4AA80673}.Test|x86.Build.0 = Release|Win32
		{6DB610E3-B1B3-4BE9-9195-8EA2A29E0407}.Debug|x64.ActiveCfg = Debug|x64
		{6DB610E3-B1B3-4BE9-9195-8EA2A29E0407}.Debug|x64.Build.0 = Debug|x64
		{6DB610E3-B1B3-4BE9-9195-8EA2A29E0407}.Debug|x86.ActiveCfg = Debug|Win32
		{6DB610E3-B1B3-4BE9-9195-8EA2A29E0407}.Debug|x86.Build.0 = Debug|Win32
		{6DB610E3-B1B3-4BE9-9195-8EA2A29E0407}.Release|x64.ActiveCfg = Release|x64
		{6DB610E3-B1B3-4BE9-9195-8EA2A29E0407}.Release|x64.Build.0 = Release|x64
		{6DB610E3-B1B3-4BE9-9195-8EA2A29E0407}.Release|x86.ActiveCfg = Release|Win32
		{6DB610E3-B1B3-4BE9-9195-8EA2A29E0407}.Release|x86.Build.0 = Release|Win32
		{6DB610E3-B1B3-4BE9-9195-8EA2A29E0407}.Test|x64.ActiveCfg = Release|x64
		{6DB610E3-B1B3-4BE9-9195-8EA2A29E0407}.Test|x64.Build.0 = Release|x64
		{6DB610E3-B1B3-4BE9-9195-8EA2A29E0407}.Test|x86.ActiveCfg = Release|Win32
		{6DB610E3-B1B3-4BE9-9195-8EA2A29E0407}.Test|x86.Build.0 = Release|Win32
		{A8D63930-34E5-45D6-92E1-B01B1D4EB819}.Debug|x64.ActiveCfg = Debug|x64
		{A8D63930-34E5-45D6-92E1-B01B1D4EB819}.Debug|x64.Build.0 = Debug|x64
		{A8D63930-34E5-45D6-92E1-B01B1D4EB819}.Debug|x86.ActiveCfg = Debug|Win32
		{A8D63930-34E5-45D6-92E1-B01B1D4EB819}.Debug|x86.Build.0 = Debug|Win32
		{A8D63930-34E5-45D6-92E1-B01B1D4EB819}.Release|x64.ActiveCfg = Release|x64
		{A8D63930-34E5-45D6-92E1-B01B1D4EB819}.Release|x64.Build.0 = Release|x64
		{A8D63930-34E5-45D6-92E1-B01B1D4EB819}.Release|x86.ActiveCfg = Release|Win32
		{A8D63930-34E5-45D6-92E1-B01B1D4EB819}.Release|x86.Build.0 = Release|Win32
		{A8D63930-34E5-45D6-92E1-B01B1D4EB819}.Test|x64.ActiveCfg = Release|x64
		{A8D63930-34E5-45D6-92E1-B01B1D4EB819}.Test|x64.Build.0 = Release|x64
		{A8D63930-34E5-45D6-92E1-B01B1D4EB819}.Test|x86.ActiveCfg = Release|Win32
		{A8D63930-34E5-45D6-92E1-B01B1D4EB819}.Test|x86.Build.0 = Release|Win32
	EndGlobalSection
	GlobalSection(SolutionProperties) = preSolution
		HideSolutionNode = FALSE
	EndGlobalSection
	GlobalSection(ExtensibilityGlobals) = postSolution
		SolutionGuid = {0CE3A734-285A-4AFD-BAA0-F6E19EBBE527}
	EndGlobalSection
EndGlobal
